lockfileVersion: '9.0'

settings:
  autoInstallPeers: true
  excludeLinksFromLockfile: false

importers:

  .:
    dependencies:
      '@filoz/synapse-core':
        specifier: ^0.9.1
        version: 0.9.1(viem@2.56.8(zod@4.4.3))
      '@filoz/synapse-sdk':
        specifier: ^2.0.0
        version: 2.0.0(viem@2.56.8(zod@4.4.3))
      cborg:
        specifier: ^5.1.11
        version: 5.1.11
      foc-encryption:
        specifier: file:../foc-encryption-demo/packages/foc-encryption
        version: file:../foc-encryption-demo/packages/foc-encryption
      multiformats:
        specifier: 14.0.5
        version: 14.0.5
      viem:
        specifier: ^2.21.0
        version: 2.56.8(zod@4.4.3)

packages:

  '@adraffy/ens-normalize@1.11.1':
    resolution: {integrity: sha512-nhCBV3quEgesuf7c7KYfperqSS14T8bYuvJ8PcLJp6znkZpFc0AuW4qBtr8eKVyPPe/8RSr7sglCWPU5eaxwKQ==}

  '@filoz/synapse-core@0.9.1':
    resolution: {integrity: sha512-HZD7CQTAQw0Gjh2XowfBhquqJru+lUZnJom568zQ6dTNRB0GOrT6+7pc7UpQfMLInhMTcM6eo+t66EtFTO26BQ==}
    peerDependencies:
      viem: 2.x

  '@filoz/synapse-sdk@2.0.0':
    resolution: {integrity: sha512-ECzn7I9msSSe1BejEULHPnN+Ws7mw7A+kRgeE0icj+nXIamxt2X1wumT6mcgyqrgZwWoFaTYJhlVbqPQ0hY4OQ==}
    peerDependencies:
      viem: 2.x

  '@noble/ciphers@1.3.0':
    resolution: {integrity: sha512-2I0gnIVPtfnMw9ee9h1dJG7tp81+8Ob3OJb3Mv37rx5L40/b0i7djjCVvGOVqc9AEIQyvyu1i6ypKdFw8R8gQw==}
    engines: {node: ^14.21.3 || >=16}

  '@noble/curves@1.9.1':
    resolution: {integrity: sha512-k11yZxZg+t+gWvBbIswW0yoJlu8cHOC7dhunwOzoWH/mXGBiYyR4YY6hAEK/3EUs4UpB8la1RfdRpeGsFHkWsA==}
    engines: {node: ^14.21.3 || >=16}

  '@noble/hashes@1.8.0':
    resolution: {integrity: sha512-jCs9ldd7NwzpgXDIf6P3+NrHh9/sD6CQdxHyjQI+h/6rDNo88ypBxxz45UDuZHz9r3tNz7N/VInSVoVdtXEI4A==}
    engines: {node: ^14.21.3 || >=16}

  '@scure/base@1.2.6':
    resolution: {integrity: sha512-g/nm5FgUa//MCj1gV09zTJTaM6KBAHqLN907YVQqf7zC49+DcO4B1so4ZX07Ef10Twr6nuqYEH9GEggFXA4Fmg==}

  '@scure/bip32@1.7.0':
    resolution: {integrity: sha512-E4FFX/N3f4B80AKWp5dP6ow+flD1LQZo/w8UnLGYZO674jS6YnYeepycOOksv+vLPSpgN35wgKgy+ybfTb2SMw==}

  '@scure/bip39@1.6.0':
    resolution: {integrity: sha512-+lF0BbLiJNwVlev4eKelw1WWLaiKXw7sSl8T6FvBlWkdX+94aGJ4o8XjUdlyhTCjd8c+B3KT3JfS8P0bLRNU6A==}

  '@standard-schema/spec@1.1.0':
    resolution: {integrity: sha512-l2aFy5jALhniG5HgqrD6jXLi/rUWrKvqN/qJx6yoJsgKhblVd+iqqU4RCXavm/jPityDo5TCvKMnpjKnOriy0w==}

  abitype@1.2.3:
    resolution: {integrity: sha512-Ofer5QUnuUdTFsBRwARMoWKOH1ND5ehwYhJ3OJ/BQO+StkwQjHw0XyVh4vDttzHB7QOFhPHa/o413PJ82gU/Tg==}
    peerDependencies:
      typescript: '>=5.0.4'
      zod: ^3.22.0 || ^4.0.0
    peerDependenciesMeta:
      typescript:
        optional: true
      zod:
        optional: true

  abitype@1.3.0:
    resolution: {integrity: sha512-fk6Te+bojIFrMvMZrnOO+SxCB+RUksTGOzq/60ZRvs1L+BVzvi2bqt9L3W/17ZLdZsyM1FuYf65P5nlmoiH1Bg==}
    peerDependencies:
      typescript: '>=5.0.4'
      zod: ^3.22.0 || ^4.0.0
    peerDependenciesMeta:
      typescript:
        optional: true
      zod:
        optional: true

  ajv-formats@3.0.1:
    resolution: {integrity: sha512-8iUql50EUR+uUcdRQ3HDqa6EVyo3docL8g5WJ3FNcWmu62IbkGUue/pEyLBW8VGKKucTPgqeks4fIU1DA4yowQ==}
    peerDependencies:
      ajv: ^8.0.0
    peerDependenciesMeta:
      ajv:
        optional: true

  ajv@8.20.0:
    resolution: {integrity: sha512-Thbli+OlOj+iMPYFBVBfJ3OmCAnaSyNn4M1vz9T6Gka5Jt9ba/HIR56joy65tY6kx/FCF5VXNB819Y7/GUrBGA==}

  atomically@2.1.1:
    resolution: {integrity: sha512-P4w9o2dqARji6P7MHprklbfiArZAWvo07yW7qs3pdljb3BWr12FIB7W+p0zJiuiVsUpRO0iZn1kFFcpPegg0tQ==}

  bigint-mod-arith@3.3.1:
    resolution: {integrity: sha512-pX/cYW3dCa87Jrzv6DAr8ivbbJRzEX5yGhdt8IutnX/PCIXfpx+mabWNK/M8qqh+zQ0J3thftUBHW0ByuUlG0w==}
    engines: {node: '>=10.4.0'}

  cborg@5.1.11:
    resolution: {integrity: sha512-oc6Pzg/gkTobxHZNgMmny+G99dOeBMbAmnGHcZWMKtolxZBIVwfi0Pj0khxEtNU8HMFdbT5sK0HmtgecDUPP0A==}
    hasBin: true

  conf@15.1.0:
    resolution: {integrity: sha512-Uy5YN9KEu0WWDaZAVJ5FAmZoaJt9rdK6kH+utItPyGsCqCgaTKkrmZx3zoE0/3q6S3bcp3Ihkk+ZqPxWxFK5og==}
    engines: {node: '>=20'}

  debounce-fn@6.0.0:
    resolution: {integrity: sha512-rBMW+F2TXryBwB54Q0d8drNEI+TfoS9JpNTAoVpukbWEhjXQq4rySFYLaqXMFXwdv61Zb2OHtj5bviSoimqxRQ==}
    engines: {node: '>=18'}

  delay@7.0.0:
    resolution: {integrity: sha512-C3vaGs818qzZjCvVJ98GQUMVyWeg7dr5w2Nwwb2t5K8G98jOyyVO2ti2bKYk5yoYElqH3F2yA53ykuEnwD6MCg==}
    engines: {node: '>=20'}

  dnum@2.17.0:
    resolution: {integrity: sha512-Abo8RU2ZoABVO2R051XlJEgDIXAlA8/ZjOT2F1uAWvm6Vb8TphmN4k7qgu5nWKSv/JUGLVty6QPEeLTvaxNRYQ==}

  dot-prop@10.2.0:
    resolution: {integrity: sha512-BTJ9aZYL3vCfZlZOBLy9v8TUqWGQ0pzFnygKwFZt5udj6viBoFIBviKPUoZLDCPn1FoXffv6McQFDenrm5Krfw==}
    engines: {node: '>=20'}

  env-paths@3.0.0:
    resolution: {integrity: sha512-dtJUTepzMW3Lm/NPxRf3wP4642UWhjL2sQxc+ym2YMj1m/H2zDNQOlezafzkHwn6sMstjHTwG6iQQsctDW/b1A==}
    engines: {node: ^12.20.0 || ^14.13.1 || >=16.0.0}

  eventemitter3@5.0.1:
    resolution: {integrity: sha512-GWkBvjiSZK87ELrYOSESUYeVIc9mvLLf/nXalMOS5dYrgZq9o5OVkbZAVM06CVxYsCwH9BDZFPlQTlPA1j4ahA==}

  fast-deep-equal@3.1.3:
    resolution: {integrity: sha512-f3qQ9oQy9j2AhBe/H9VC91wLmKBCCU/gDOnKNAYG5hswO7BLKj09Hc5HYNz9cGI++xlpDCIgDaitVs03ATR84Q==}

  fast-uri@3.1.8:
    resolution: {integrity: sha512-GZMtZUTNRpOVIECoXwLNZS5xUGE+mVNbTB8h/7Rwh2TFWcBQiPzTgyZi05BF9UMZKkLJv8XBRJTlU7zg8+ZfMg==}

  foc-encryption@file:../foc-encryption-demo/packages/foc-encryption:
    resolution: {directory: ../foc-encryption-demo/packages/foc-encryption, type: directory}
    engines: {node: '>=20'}

  from-exponential@1.1.1:
    resolution: {integrity: sha512-VBE7f5OVnYwdgB3LHa+Qo29h8qVpxhVO9Trlc+AWm+/XNAgks1tAwMFHb33mjeiof77GglsJzeYF7OqXrROP/A==}

  idb-keyval@6.3.0:
    resolution: {integrity: sha512-um+2dgAWmYsu615EXpWVwSmapJhON0G43t3Ka/EVaohzPQXSMqKEqeDK/oIW3Ow+BXaF2PvSc+oBTFp793A5Ow==}

  is-network-error@1.3.2:
    resolution: {integrity: sha512-PhBY86zaxNZUuWP6h13Vu5oFe0XY6/UlKzQnYFELzGVHygP3MxmvTfYSG7GN3aIab/iWudSMgjSnG9Dq+nHrgA==}
    engines: {node: '>=16'}

  iso-base@4.4.0:
    resolution: {integrity: sha512-W4BJbRDBi66wcBFJ23ZlGnFOZ874CIut4y9PlsScMSYu7ckCX+MWNAaEoE0efTSYDoVEn1qy0FDVSjE8q0ieHw==}

  iso-kv@3.2.0:
    resolution: {integrity: sha512-rMVXO7zDEecXOJEiDnbDqjZ7gSe7VqDn2FTkUFWeqkcYMmgMdmB7pDgUaZxiEyiL1+gO7RnbqEI2Ce3xIW4UBQ==}

  iso-web@3.1.2:
    resolution: {integrity: sha512-OpWz+KNH4vYNVvpc6T1z/zkZtT6iTQXYjc0sIbkPDwYEM5Qurg0LYESrEHloxb6xj5T/2rrnsTtaYlUSIzgicg==}

  isows@1.0.7:
    resolution: {integrity: sha512-I1fSfDCZL5P0v33sVqeTDSpcstAg/N+wF5HS033mogOVIp4B+oHC7oOCsA3axAbBSGTJ8QubbNmnIRN/h8U7hg==}
    peerDependencies:
      ws: '*'

  json-schema-traverse@1.0.0:
    resolution: {integrity: sha512-NM8/P9n3XjXhIZn1lLhkFaACTOURQXjWhV4BA/RnOv8xvgqtqpAX9IO4mRQxSx1Rlo4tqzeqb0sOlruaOy3dug==}

  json-schema-typed@8.0.2:
    resolution: {integrity: sha512-fQhoXdcvc3V28x7C7BMs4P5+kNlgUURe2jmUT1T//oBRMDrqy1QPelJimwZGo7Hg9VPV3EQV5Bnq4hbFy2vetA==}

  kysely@0.29.6:
    resolution: {integrity: sha512-hHaB8C/rfzDDtr/t8YZwxAuPJTT0zHyaPoVzcXwDYhYNAgH/4sIfVhi/XLLIY+bL/FqaIJnjATDbi8ObSELmxg==}
    engines: {node: '>=22.0.0'}

  mimic-function@5.0.1:
    resolution: {integrity: sha512-VP79XUPxV2CigYP3jWwAUFSku2aKqBH7uTAapFWCBqutsbmDo96KY5o8uh6U+/YSIn5OxJnXp73beVkpqMIGhA==}
    engines: {node: '>=18'}

  multiformats@14.0.5:
    resolution: {integrity: sha512-vbIm83F2yZ1pWJGS0yl0ysracIvv56LtbrIyiIQHoLdYDJOMoLfVFsXhh9DUH4SFdkdkFhucyWniihsNzVEjkQ==}

  ox@0.14.29:
    resolution: {integrity: sha512-M5j87Ec4V99MQdRct/g09eWXW60g6zhHTUs1lr4deUtrPDnezBdCJTgKd7pxqTpSZBFveV0ALi9jMMuT1qKyNg==}
    peerDependencies:
      typescript: '>=5.4.0'
    peerDependenciesMeta:
      typescript:
        optional: true

  ox@0.14.45:
    resolution: {integrity: sha512-jpsQ+p0JZh9mKCxxzxz0d5qFHZZg2/O9xW18IpEC/dNXXPVqmDJ0c//9RMz0CILkbSGPA42+cbU0fC/ghwJ03w==}
    peerDependencies:
      typescript: '>=5.4.0'
    peerDependenciesMeta:
      typescript:
        optional: true

  p-limit@7.3.3:
    resolution: {integrity: sha512-SKgVvDU5TNIxQ4r30U75BNLC6a+6GOEjngrk/ysM5+Zu3oJuk1SC5ApzIzY/7PjCEjoVPMWJ0zho/4QUiEB7TQ==}
    engines: {node: '>=20'}

  p-locate@7.0.0:
    resolution: {integrity: sha512-FRPW2lT1b/B8/CNkCOZ/Xl4mz52CWzwb+/dLa0GcCrH7u7djFf36VftuRJ5w/eCr1YXtbTGPuGoEDVSk14EwNQ==}
    engines: {node: '>=20'}

  p-retry@8.0.1:
    resolution: {integrity: sha512-NAigyu8hfvJe7MsS18mnc4is0MZtau3QMdBklaJKK23oBQb6occO3UPM3vHmTckW8KhfyjMZaUOqdTFEYliHgg==}
    engines: {node: '>=22'}

  p-some@7.0.0:
    resolution: {integrity: sha512-9ldWF6puBzuchsUq7M1THjwwmoiXesqRdpB4WH0D7urKXdGkIaDqVhQS2BSfRRYZ970j9gm3U4/h9hHQx2G1Ug==}
    engines: {node: '>=20'}

  random-int@3.1.0:
    resolution: {integrity: sha512-h8CRz8cpvzj0hC/iH/1Gapgcl2TQ6xtnCpyOI5WvWfXf/yrDx2DOU+tD9rX23j36IF11xg1KqB9W11Z18JPMdw==}
    engines: {node: '>=12'}

  require-from-string@2.0.2:
    resolution: {integrity: sha512-Xf0nWe6RseziFMu+Ap9biiUbmplq6S9/p+7w7YXP/JBHhrUDDUhwa+vANyubuqfZWTveU//DYVGsDG7RKL/vEw==}
    engines: {node: '>=0.10.0'}

  semver@7.8.5:
    resolution: {integrity: sha512-Y7/KDsb8LjooZpwaqGyulO6DQlksgCncchHGk+sZIY4SBvUocMBEFH5Ur1fI4dV+Jvl0w6cjvucaIi40puRioA==}
    engines: {node: '>=10'}
    hasBin: true

  stubborn-fs@2.0.0:
    resolution: {integrity: sha512-Y0AvSwDw8y+nlSNFXMm2g6L51rBGdAQT20J3YSOqxC53Lo3bjWRtr2BKcfYoAf352WYpsZSTURrA0tqhfgudPA==}

  stubborn-utils@1.0.2:
    resolution: {integrity: sha512-zOh9jPYI+xrNOyisSelgym4tolKTJCQd5GBhK0+0xJvcYDcwlOoxF/rnFKQ2KRZknXSG9jWAp66fwP6AxN9STg==}

  sync-multihash-sha2@1.0.0:
    resolution: {integrity: sha512-A5gVpmtKF0ov+/XID0M0QRJqF2QxAsj3x/LlDC8yivzgoYCoWkV+XaZPfVu7Vj1T/hYzYS1tfjwboSbXjqocug==}

  tagged-tag@1.0.0:
    resolution: {integrity: sha512-yEFYrVhod+hdNyx7g5Bnkkb0G6si8HJurOoOEgC8B/O0uXLHlaey/65KRv6cuWBNhBgHKAROVpc7QyYqE5gFng==}
    engines: {node: '>=20'}

  type-fest@5.10.0:
    resolution: {integrity: sha512-NoSdpq/WEiAg5sjmBkmV/hfxv6HJH4NqPNrqjtSO5CwRmpsDfaf4begxW34KdJykH/l1yHtwBWQkCRdoXO8mPA==}
    engines: {node: '>=20'}

  uint8array-extras@1.5.0:
    resolution: {integrity: sha512-rvKSBiC5zqCCiDZ9kAOszZcDvdAHwwIKJG33Ykj43OKcWsnmcBRL09YTU4nOeHZ8Y2a7l1MgTd08SBe9A8Qj6A==}
    engines: {node: '>=18'}

  unlimited-timeout@0.1.0:
    resolution: {integrity: sha512-D4g+mxFeQGQHzCfnvij+R35ukJ0658Zzudw7j16p4tBBbNasKkKM4SocYxqhwT5xA7a9JYWDzKkEFyMlRi5sng==}
    engines: {node: '>=20'}

  viem@2.56.8:
    resolution: {integrity: sha512-vD1DsnYxySMml5/02m/+boWQYfZtWug2VYzm6+hdVT+VDmULBZfpoh9gPDAENdMMBmQKW/2QJ/1DuZaslBJDAg==}
    peerDependencies:
      typescript: '>=5.0.4'
    peerDependenciesMeta:
      typescript:
        optional: true

  when-exit@2.1.5:
    resolution: {integrity: sha512-VGkKJ564kzt6Ms1dbgPP/yuIoQCrsFAnRbptpC5wOEsDaNsbCB2bnfnaA8i/vRs5tjUSEOtIuvl9/MyVsvQZCg==}

  ws@8.21.0:
    resolution: {integrity: sha512-Vsp28b7DRcimFQvrqu2Wek3z1iYxDCWqHYB8Qsnk/S4RfaCQzPGPyBNuVjJV3cd6UiKtUtp6sNM77gWvzcCH+g==}
    engines: {node: '>=10.0.0'}
    peerDependencies:
      bufferutil: ^4.0.1
      utf-8-validate: '>=5.0.2'
    peerDependenciesMeta:
      bufferutil:
        optional: true
      utf-8-validate:
        optional: true

  yocto-queue@1.2.2:
    resolution: {integrity: sha512-4LCcse/U2MHZ63HAJVE+v71o7yOdIe4cZ70Wpf8D/IyjDKYQLV5GD46B+hSTjJsvV5PztjvHoU580EftxjDZFQ==}
    engines: {node: '>=12.20'}

  zod@4.4.3:
    resolution: {integrity: sha512-ytENFjIJFl2UwYglde2jchW2Hwm4GJFLDiSXWdTrJQBIN9Fcyp7n4DhxJEiWNAJMV1/BqWfW/kkg71UDcHJyTQ==}

snapshots:

  '@adraffy/ens-normalize@1.11.1': {}

  '@filoz/synapse-core@0.9.1(viem@2.56.8(zod@4.4.3))':
    dependencies:
      dnum: 2.17.0
      iso-web: 3.1.2
      multiformats: 14.0.5
      ox: 0.14.29(zod@4.4.3)
      p-locate: 7.0.0
      p-some: 7.0.0
      sync-multihash-sha2: 1.0.0
      viem: 2.56.8(zod@4.4.3)
      zod: 4.4.3
    transitivePeerDependencies:
      - typescript

  '@filoz/synapse-sdk@2.0.0(viem@2.56.8(zod@4.4.3))':
    dependencies:
      '@filoz/synapse-core': 0.9.1(viem@2.56.8(zod@4.4.3))
      multiformats: 14.0.5
      viem: 2.56.8(zod@4.4.3)
    transitivePeerDependencies:
      - typescript

  '@noble/ciphers@1.3.0': {}

  '@noble/curves@1.9.1':
    dependencies:
      '@noble/hashes': 1.8.0

  '@noble/hashes@1.8.0': {}

  '@scure/base@1.2.6': {}

  '@scure/bip32@1.7.0':
    dependencies:
      '@noble/curves': 1.9.1
      '@noble/hashes': 1.8.0
      '@scure/base': 1.2.6

  '@scure/bip39@1.6.0':
    dependencies:
      '@noble/hashes': 1.8.0
      '@scure/base': 1.2.6

  '@standard-schema/spec@1.1.0': {}

  abitype@1.2.3(zod@4.4.3):
    optionalDependencies:
      zod: 4.4.3

  abitype@1.3.0(zod@4.4.3):
    optionalDependencies:
      zod: 4.4.3

  ajv-formats@3.0.1(ajv@8.20.0):
    optionalDependencies:
      ajv: 8.20.0

  ajv@8.20.0:
    dependencies:
      fast-deep-equal: 3.1.3
      fast-uri: 3.1.8
      json-schema-traverse: 1.0.0
      require-from-string: 2.0.2

  atomically@2.1.1:
    dependencies:
      stubborn-fs: 2.0.0
      when-exit: 2.1.5

  bigint-mod-arith@3.3.1: {}

  cborg@5.1.11: {}

  conf@15.1.0:
    dependencies:
      ajv: 8.20.0
      ajv-formats: 3.0.1(ajv@8.20.0)
      atomically: 2.1.1
      debounce-fn: 6.0.0
      dot-prop: 10.2.0
      env-paths: 3.0.0
      json-schema-typed: 8.0.2
      semver: 7.8.5
      uint8array-extras: 1.5.0

  debounce-fn@6.0.0:
    dependencies:
      mimic-function: 5.0.1

  delay@7.0.0:
    dependencies:
      random-int: 3.1.0
      unlimited-timeout: 0.1.0

  dnum@2.17.0:
    dependencies:
      from-exponential: 1.1.1

  dot-prop@10.2.0:
    dependencies:
      type-fest: 5.10.0

  env-paths@3.0.0: {}

  eventemitter3@5.0.1: {}

  fast-deep-equal@3.1.3: {}

  fast-uri@3.1.8: {}

  foc-encryption@file:../foc-encryption-demo/packages/foc-encryption:
    dependencies:
      cborg: 5.1.11

  from-exponential@1.1.1: {}

  idb-keyval@6.3.0: {}

  is-network-error@1.3.2: {}

  iso-base@4.4.0:
    dependencies:
      bigint-mod-arith: 3.3.1

  iso-kv@3.2.0:
    dependencies:
      conf: 15.1.0
      idb-keyval: 6.3.0
      iso-base: 4.4.0
      kysely: 0.29.6

  iso-web@3.1.2:
    dependencies:
      '@standard-schema/spec': 1.1.0
      delay: 7.0.0
      is-network-error: 1.3.2
      iso-kv: 3.2.0
      p-retry: 8.0.1

  isows@1.0.7(ws@8.21.0):
    dependencies:
      ws: 8.21.0

  json-schema-traverse@1.0.0: {}

  json-schema-typed@8.0.2: {}

  kysely@0.29.6: {}

  mimic-function@5.0.1: {}

  multiformats@14.0.5: {}

  ox@0.14.29(zod@4.4.3):
    dependencies:
      '@adraffy/ens-normalize': 1.11.1
      '@noble/ciphers': 1.3.0
      '@noble/curves': 1.9.1
      '@noble/hashes': 1.8.0
      '@scure/bip32': 1.7.0
      '@scure/bip39': 1.6.0
      abitype: 1.3.0(zod@4.4.3)
      eventemitter3: 5.0.1
    transitivePeerDependencies:
      - zod

  ox@0.14.45(zod@4.4.3):
    dependencies:
      '@adraffy/ens-normalize': 1.11.1
      '@noble/ciphers': 1.3.0
      '@noble/curves': 1.9.1
      '@noble/hashes': 1.8.0
      '@scure/bip32': 1.7.0
      '@scure/bip39': 1.6.0
      abitype: 1.2.3(zod@4.4.3)
      eventemitter3: 5.0.1
    transitivePeerDependencies:
      - zod

  p-limit@7.3.3:
    dependencies:
      yocto-queue: 1.2.2

  p-locate@7.0.0:
    dependencies:
      p-limit: 7.3.3

  p-retry@8.0.1:
    dependencies:
      is-network-error: 1.3.2

  p-some@7.0.0: {}

  random-int@3.1.0: {}

  require-from-string@2.0.2: {}

  semver@7.8.5: {}

  stubborn-fs@2.0.0:
    dependencies:
      stubborn-utils: 1.0.2

  stubborn-utils@1.0.2: {}

  sync-multihash-sha2@1.0.0:
    dependencies:
      '@noble/hashes': 1.8.0

  tagged-tag@1.0.0: {}

  type-fest@5.10.0:
    dependencies:
      tagged-tag: 1.0.0

  uint8array-extras@1.5.0: {}

  unlimited-timeout@0.1.0: {}

  viem@2.56.8(zod@4.4.3):
    dependencies:
      '@noble/curves': 1.9.1
      '@noble/hashes': 1.8.0
      '@scure/bip32': 1.7.0
      '@scure/bip39': 1.6.0
      abitype: 1.2.3(zod@4.4.3)
      isows: 1.0.7(ws@8.21.0)
      ox: 0.14.45(zod@4.4.3)
      ws: 8.21.0
    transitivePeerDependencies:
      - bufferutil
      - utf-8-validate
      - zod

  when-exit@2.1.5: {}

  ws@8.21.0: {}

  yocto-queue@1.2.2: {}

  zod@4.4.3: {}
